
Microsoft Visual Studio Solution File, Format Version 12.00
# Visual Studio Version 17
VisualStudioVersion = 17.5.002.0
MinimumVisualStudioVersion = 10.0.40219.1
Project("{2150E333-8FDC-42A3-9474-1A3956D46DE8}") = "dotnet-src", "dotnet-src", "{D6EAE439-F601-4447-9F52-D32954740374}"
EndProject
Project("{2150E333-8FDC-42A3-9474-1A3956D46DE8}") = "src", "src", "{817AE779-14A7-4CA2-9779-6E50DC1A26A0}"
EndProject
Project("{2150E333-8FDC-42A3-9474-1A3956D46DE8}") = "UI", "UI", "{58805479-B3C9-4DCA-8765-ED3C4631AE81}"
EndProject
Project("{2150E333-8FDC-42A3-9474-1A3956D46DE8}") = "Console", "Console", "{39861403-71CB-45EC-99CA-AE97ACFFD3A0}"
EndProject
Project("{2150E333-8FDC-42A3-9474-1A3956D46DE8}") = "z1.Barely", "z1.Barely", "{DAE5760D-FEFB-47C9-A63C-3122FA8828FF}"
EndProject
Project("{9A19103F-16F7-4668-BE54-9A1E7A4F7556}") = "Ctlaltdel.UI.Console", "dotnet-src\src\UI\Console\z1.Barely\src\Ctlaltdel.UI.Console.csproj", "{50181530-5DB2-4212-B989-C98BFC08B1BC}"
EndProject
Project("{2150E333-8FDC-42A3-9474-1A3956D46DE8}") = "z2.Better", "z2.Better", "{06BE1645-AA77-4D7F-851F-274700D62E6A}"
EndProject
Project("{9A19103F-16F7-4668-BE54-9A1E7A4F7556}") = "Ctlaltdel.UI.Console", "dotnet-src\src\UI\Console\z2.Better\src\Ctlaltdel.UI.Console.csproj", "{34098D59-957D-4FBA-B6D4-B9380B628FE5}"
EndProject
Project("{2150E333-8FDC-42A3-9474-1A3956D46DE8}") = "____Adventurers", "____Adventurers", "{5E2938DB-B1C4-423D-9826-D0324504E13F}"
EndProject
Project("{2150E333-8FDC-42A3-9474-1A3956D46DE8}") = "UI", "UI", "{1F2BC8AC-2FBA-4C13-9B09-ACE91908594C}"
EndProject
Project("{2150E333-8FDC-42A3-9474-1A3956D46DE8}") = "Console", "Console", "{353CFF08-C6FC-418B-B93C-28DE251156D5}"
EndProject
Project("{2150E333-8FDC-42A3-9474-1A3956D46DE8}") = "001.SilverMonkey", "001.SilverMonkey", "{86586AFF-B39E-4DEF-9063-0925236177F1}"
EndProject
Project("{9A19103F-16F7-4668-BE54-9A1E7A4F7556}") = "SilverMonkey001", "dotnet-src\src\____Adventurers\UI\Console\001.SilverMonkey\SilverMonkey001\SilverMonkey001.csproj", "{4CB8A663-F342-4E3B-9CBB-F87E5B795958}"
EndProject
Global
	GlobalSection(SolutionConfigurationPlatforms) = preSolution
		Debug|Any CPU = Debug|Any CPU
		Release|Any CPU = Release|Any CPU
	EndGlobalSection
	GlobalSection(ProjectConfigurationPlatforms) = postSolution
		{50181530-5DB2-4212-B989-C98BFC08B1BC}.Debug|Any CPU.ActiveCfg = Debug|Any CPU
		{50181530-5DB2-4212-B989-C98BFC08B1BC}.Debug|Any CPU.Build.0 = Debug|Any CPU
		{50181530-5DB2-4212-B989-C98BFC08B1BC}.Release|Any CPU.ActiveCfg = Release|Any CPU
		{50181530-5DB2-4212-B989-C98BFC08B1BC}.Release|Any CPU.Build.0 = Release|Any CPU
		{34098D59-957D-4FBA-B6D4-B9380B628FE5}.Debug|Any CPU.ActiveCfg = Debug|Any CPU
		{34098D59-957D-4FBA-B6D4-B9380B628FE5}.Debug|Any CPU.Build.0 = Debug|Any CPU
		{34098D59-957D-4FBA-B6D4-B9380B628FE5}.Release|Any CPU.ActiveCfg = Release|Any CPU
		{34098D59-957D-4FBA-B6D4-B9380B628FE5}.Release|Any CPU.Build.0 = Release|Any CPU
		{4CB8A663-F342-4E3B-9CBB-F87E5B795958}.Debug|Any CPU.ActiveCfg = Debug|Any CPU
		{4CB8A663-F342-4E3B-9CBB-F87E5B795958}.Debug|Any CPU.Build.0 = Debug|Any CPU
		{4CB8A663-F342-4E3B-9CBB-F87E5B795958}.Release|Any CPU.ActiveCfg = Release|Any CPU
		{4CB8A663-F342-4E3B-9CBB-F87E5B795958}.Release|Any CPU.Build.0 = Release|Any CPU
	EndGlobalSection
	GlobalSection(SolutionProperties) = preSolution
		HideSolutionNode = FALSE
	EndGlobalSection
	GlobalSection(NestedProjects) = preSolution
		{817AE779-14A7-4CA2-9779-6E50DC1A26A0} = {D6EAE439-F601-4447-9F52-D32954740374}
		{58805479-B3C9-4DCA-8765-ED3C4631AE81} = {817AE779-14A7-4CA2-9779-6E50DC1A26A0}
		{39861403-71CB-45EC-99CA-AE97ACFFD3A0} = {58805479-B3C9-4DCA-8765-ED3C4631AE81}
		{DAE5760D-FEFB-47C9-A63C-3122FA8828FF} = {39861403-71CB-45EC-99CA-AE97ACFFD3A0}
		{50181530-5DB2-4212-B989-C98BFC08B1BC} = {DAE5760D-FEFB-47C9-A63C-3122FA8828FF}
		{06BE1645-AA77-4D7F-851F-274700D62E6A} = {39861403-71CB-45EC-99CA-AE97ACFFD3A0}
		{34098D59-957D-4FBA-B6D4-B9380B628FE5} = {06BE1645-AA77-4D7F-851F-274700D62E6A}
		{5E2938DB-B1C4-423D-9826-D0324504E13F} = {817AE779-14A7-4CA2-9779-6E50DC1A26A0}
		{1F2BC8AC-2FBA-4C13-9B09-ACE91908594C} = {5E2938DB-B1C4-423D-9826-D0324504E13F}
		{353CFF08-C6FC-418B-B93C-28DE251156D5} = {1F2BC8AC-2FBA-4C13-9B09-ACE91908594C}
		{86586AFF-B39E-4DEF-9063-0925236177F1} = {353CFF08-C6FC-418B-B93C-28DE251156D5}
		{4CB8A663-F342-4E3B-9CBB-F87E5B795958} = {86586AFF-B39E-4DEF-9063-0925236177F1}
	EndGlobalSection
	GlobalSection(ExtensibilityGlobals) = postSolution
		SolutionGuid = {C8E0E64A-5912-4AEA-9763-F66F735B1551}
	EndGlobalSection
EndGlobal
