
Microsoft Visual Studio Solution File, Format Version 12.00
# Visual Studio Version 17
VisualStudioVersion = 17.5.002.0
MinimumVisualStudioVersion = 10.0.40219.1
Project("{2150E333-8FDC-42A3-9474-1A3956D46DE8}") = "dotnet-src", "dotnet-src", "{C149F45F-6493-4A67-A6D7-B6AD45593DB9}"
EndProject
Project("{2150E333-8FDC-42A3-9474-1A3956D46DE8}") = "src", "src", "{F378AF90-4546-40DA-9966-38341163AEDF}"
EndProject
Project("{2150E333-8FDC-42A3-9474-1A3956D46DE8}") = "UI", "UI", "{ADF2FEE8-825A-4C24-A4B3-2950883D0C41}"
EndProject
Project("{2150E333-8FDC-42A3-9474-1A3956D46DE8}") = "Console", "Console", "{18379985-3E88-435D-AE6C-09F1D77B2663}"
EndProject
Project("{2150E333-8FDC-42A3-9474-1A3956D46DE8}") = "z1.Barely", "z1.Barely", "{63966C8A-BEC8-4A9C-B256-7D8014DF4949}"
EndProject
Project("{9A19103F-16F7-4668-BE54-9A1E7A4F7556}") = "Ctlaltdel.UI.Console", "dotnet-src\src\UI\Console\z1.Barely\src\Ctlaltdel.UI.Console.csproj", "{05EDFC3D-9DD8-4003-8E38-571F8A44F7AB}"
EndProject
Project("{2150E333-8FDC-42A3-9474-1A3956D46DE8}") = "z2.Better", "z2.Better", "{3584B007-2488-447B-BF34-E5E6803E8BCD}"
EndProject
Project("{9A19103F-16F7-4668-BE54-9A1E7A4F7556}") = "Ctlaltdel.UI.Console", "dotnet-src\src\UI\Console\z2.Better\src\Ctlaltdel.UI.Console.csproj", "{C29D8F39-0AE5-411B-B23D-B26A2CCD59AE}"
EndProject
Project("{2150E333-8FDC-42A3-9474-1A3956D46DE8}") = "____Adventurers", "____Adventurers", "{9F624552-8D71-480F-AA29-131CBAD6F65B}"
EndProject
Project("{2150E333-8FDC-42A3-9474-1A3956D46DE8}") = "UI", "UI", "{BF498BE6-1ECB-4970-BEA2-27048F7C801A}"
EndProject
Project("{2150E333-8FDC-42A3-9474-1A3956D46DE8}") = "Console", "Console", "{C11F83BD-6697-42AA-822C-4893B0A65910}"
EndProject
Project("{2150E333-8FDC-42A3-9474-1A3956D46DE8}") = "001.SilverMonkey", "001.SilverMonkey", "{CEB8BEFA-4C86-4635-B5B1-5B4B3FFA3AA2}"
EndProject
Project("{9A19103F-16F7-4668-BE54-9A1E7A4F7556}") = "SilverMonkey001", "dotnet-src\src\____Adventurers\UI\Console\001.SilverMonkey\SilverMonkey001\SilverMonkey001.csproj", "{FED1FB57-6E23-426C-B967-FB3FAAC91041}"
EndProject
Global
	GlobalSection(SolutionConfigurationPlatforms) = preSolution
		Debug|Any CPU = Debug|Any CPU
		Release|Any CPU = Release|Any CPU
	EndGlobalSection
	GlobalSection(ProjectConfigurationPlatforms) = postSolution
		{05EDFC3D-9DD8-4003-8E38-571F8A44F7AB}.Debug|Any CPU.ActiveCfg = Debug|Any CPU
		{05EDFC3D-9DD8-4003-8E38-571F8A44F7AB}.Debug|Any CPU.Build.0 = Debug|Any CPU
		{05EDFC3D-9DD8-4003-8E38-571F8A44F7AB}.Release|Any CPU.ActiveCfg = Release|Any CPU
		{05EDFC3D-9DD8-4003-8E38-571F8A44F7AB}.Release|Any CPU.Build.0 = Release|Any CPU
		{C29D8F39-0AE5-411B-B23D-B26A2CCD59AE}.Debug|Any CPU.ActiveCfg = Debug|Any CPU
		{C29D8F39-0AE5-411B-B23D-B26A2CCD59AE}.Debug|Any CPU.Build.0 = Debug|Any CPU
		{C29D8F39-0AE5-411B-B23D-B26A2CCD59AE}.Release|Any CPU.ActiveCfg = Release|Any CPU
		{C29D8F39-0AE5-411B-B23D-B26A2CCD59AE}.Release|Any CPU.Build.0 = Release|Any CPU
		{FED1FB57-6E23-426C-B967-FB3FAAC91041}.Debug|Any CPU.ActiveCfg = Debug|Any CPU
		{FED1FB57-6E23-426C-B967-FB3FAAC91041}.Debug|Any CPU.Build.0 = Debug|Any CPU
		{FED1FB57-6E23-426C-B967-FB3FAAC91041}.Release|Any CPU.ActiveCfg = Release|Any CPU
		{FED1FB57-6E23-426C-B967-FB3FAAC91041}.Release|Any CPU.Build.0 = Release|Any CPU
	EndGlobalSection
	GlobalSection(SolutionProperties) = preSolution
		HideSolutionNode = FALSE
	EndGlobalSection
	GlobalSection(NestedProjects) = preSolution
		{F378AF90-4546-40DA-9966-38341163AEDF} = {C149F45F-6493-4A67-A6D7-B6AD45593DB9}
		{ADF2FEE8-825A-4C24-A4B3-2950883D0C41} = {F378AF90-4546-40DA-9966-38341163AEDF}
		{18379985-3E88-435D-AE6C-09F1D77B2663} = {ADF2FEE8-825A-4C24-A4B3-2950883D0C41}
		{63966C8A-BEC8-4A9C-B256-7D8014DF4949} = {18379985-3E88-435D-AE6C-09F1D77B2663}
		{05EDFC3D-9DD8-4003-8E38-571F8A44F7AB} = {63966C8A-BEC8-4A9C-B256-7D8014DF4949}
		{3584B007-2488-447B-BF34-E5E6803E8BCD} = {18379985-3E88-435D-AE6C-09F1D77B2663}
		{C29D8F39-0AE5-411B-B23D-B26A2CCD59AE} = {3584B007-2488-447B-BF34-E5E6803E8BCD}
		{9F624552-8D71-480F-AA29-131CBAD6F65B} = {F378AF90-4546-40DA-9966-38341163AEDF}
		{BF498BE6-1ECB-4970-BEA2-27048F7C801A} = {9F624552-8D71-480F-AA29-131CBAD6F65B}
		{C11F83BD-6697-42AA-822C-4893B0A65910} = {BF498BE6-1ECB-4970-BEA2-27048F7C801A}
		{CEB8BEFA-4C86-4635-B5B1-5B4B3FFA3AA2} = {C11F83BD-6697-42AA-822C-4893B0A65910}
		{FED1FB57-6E23-426C-B967-FB3FAAC91041} = {CEB8BEFA-4C86-4635-B5B1-5B4B3FFA3AA2}
	EndGlobalSection
	GlobalSection(ExtensibilityGlobals) = postSolution
		SolutionGuid = {0FABEAFF-09BB-46F7-A895-C3740480371A}
	EndGlobalSection
EndGlobal
